
Microsoft Visual Studio Solution File, Format Version 12.00
# Visual Studio Version 16
VisualStudioVersion = 16.0.31729.503
MinimumVisualStudioVersion = 10.0.40219.1
Project("{FAE04EC0-301F-11D3-BF4B-00C04F79EFBC}") = "TheNoteBook", "TheNoteBook\TheNoteBook.csproj", "{C2F83436-F1AC-44FE-A6AF-63E4D11857C8}"
EndProject
Global
	GlobalSection(SolutionConfigurationPlatforms) = preSolution
		Debug|Any CPU = Debug|Any CPU
		Release|Any CPU = Release|Any CPU
	EndGlobalSection
	GlobalSection(ProjectConfigurationPlatforms) = postSolution
		{C2F83436-F1AC-44FE-A6AF-63E4D11857C8}.Debug|Any CPU.ActiveCfg = Debug|Any CPU
		{C2F83436-F1AC-44FE-A6AF-63E4D11857C8}.Debug|Any CPU.Build.0 = Debug|Any CPU
		{C2F83436-F1AC-44FE-A6AF-63E4D11857C8}.Release|Any CPU.ActiveCfg = Release|Any CPU
		{C2F83436-F1AC-44FE-A6AF-63E4D11857C8}.Release|Any CPU.Build.0 = Release|Any CPU
	EndGlobalSection
	GlobalSection(SolutionProperties) = preSolution
		HideSolutionNode = FALSE
	EndGlobalSection
	GlobalSection(ExtensibilityGlobals) = postSolution
		SolutionGuid = {7BC67EDA-8436-4E05-B2C1-6EB9D7F9003A}
	EndGlobalSection
EndGlobal
