
Microsoft Visual Studio Solution File, Format Version 12.00
# Visual Studio Version 16
VisualStudioVersion = 16.0.31729.503
MinimumVisualStudioVersion = 10.0.40219.1
Project("{FAE04EC0-301F-11D3-BF4B-00C04F79EFBC}") = "Wpf_Paint", "Wpf_Paint\Wpf_Paint.csproj", "{1D976140-50F2-4D30-B6A4-59743F0FADED}"
EndProject
Global
	GlobalSection(SolutionConfigurationPlatforms) = preSolution
		Debug|Any CPU = Debug|Any CPU
		Release|Any CPU = Release|Any CPU
	EndGlobalSection
	GlobalSection(ProjectConfigurationPlatforms) = postSolution
		{1D976140-50F2-4D30-B6A4-59743F0FADED}.Debug|Any CPU.ActiveCfg = Debug|Any CPU
		{1D976140-50F2-4D30-B6A4-59743F0FADED}.Debug|Any CPU.Build.0 = Debug|Any CPU
		{1D976140-50F2-4D30-B6A4-59743F0FADED}.Release|Any CPU.ActiveCfg = Release|Any CPU
		{1D976140-50F2-4D30-B6A4-59743F0FADED}.Release|Any CPU.Build.0 = Release|Any CPU
	EndGlobalSection
	GlobalSection(SolutionProperties) = preSolution
		HideSolutionNode = FALSE
	EndGlobalSection
	GlobalSection(ExtensibilityGlobals) = postSolution
		SolutionGuid = {A304FA20-C5D3-4153-84C8-7195CF5BE637}
	EndGlobalSection
EndGlobal
