
Microsoft Visual Studio Solution File, Format Version 12.00
# Visual Studio Version 16
VisualStudioVersion = 16.0.31624.102
MinimumVisualStudioVersion = 10.0.40219.1
Project("{FAE04EC0-301F-11D3-BF4B-00C04F79EFBC}") = "Wpf_Paint", "Wpf_Paint\Wpf_Paint.csproj", "{0F88858E-4A85-4AC3-B209-A6FD44E21ADB}"
EndProject
Global
	GlobalSection(SolutionConfigurationPlatforms) = preSolution
		Debug|Any CPU = Debug|Any CPU
		Release|Any CPU = Release|Any CPU
	EndGlobalSection
	GlobalSection(ProjectConfigurationPlatforms) = postSolution
		{0F88858E-4A85-4AC3-B209-A6FD44E21ADB}.Debug|Any CPU.ActiveCfg = Debug|Any CPU
		{0F88858E-4A85-4AC3-B209-A6FD44E21ADB}.Debug|Any CPU.Build.0 = Debug|Any CPU
		{0F88858E-4A85-4AC3-B209-A6FD44E21ADB}.Release|Any CPU.ActiveCfg = Release|Any CPU
		{0F88858E-4A85-4AC3-B209-A6FD44E21ADB}.Release|Any CPU.Build.0 = Release|Any CPU
	EndGlobalSection
	GlobalSection(SolutionProperties) = preSolution
		HideSolutionNode = FALSE
	EndGlobalSection
	GlobalSection(ExtensibilityGlobals) = postSolution
		SolutionGuid = {32FCCCAA-E0C1-4241-9936-5BAF6EE22896}
	EndGlobalSection
EndGlobal
