
Microsoft Visual Studio Solution File, Format Version 12.00
# Visual Studio Version 16
VisualStudioVersion = 16.0.31729.503
MinimumVisualStudioVersion = 10.0.40219.1
Project("{FAE04EC0-301F-11D3-BF4B-00C04F79EFBC}") = "Trangle", "Trangle\Trangle.csproj", "{B5D1E341-6311-40E4-8C4C-94A282D4741B}"
EndProject
Global
	GlobalSection(SolutionConfigurationPlatforms) = preSolution
		Debug|Any CPU = Debug|Any CPU
		Release|Any CPU = Release|Any CPU
	EndGlobalSection
	GlobalSection(ProjectConfigurationPlatforms) = postSolution
		{B5D1E341-6311-40E4-8C4C-94A282D4741B}.Debug|Any CPU.ActiveCfg = Debug|Any CPU
		{B5D1E341-6311-40E4-8C4C-94A282D4741B}.Debug|Any CPU.Build.0 = Debug|Any CPU
		{B5D1E341-6311-40E4-8C4C-94A282D4741B}.Release|Any CPU.ActiveCfg = Release|Any CPU
		{B5D1E341-6311-40E4-8C4C-94A282D4741B}.Release|Any CPU.Build.0 = Release|Any CPU
	EndGlobalSection
	GlobalSection(SolutionProperties) = preSolution
		HideSolutionNode = FALSE
	EndGlobalSection
	GlobalSection(ExtensibilityGlobals) = postSolution
		SolutionGuid = {C5DCFB8E-1DA9-4804-9B19-5EC0604708E4}
	EndGlobalSection
EndGlobal
